
Microsoft Visual Studio Solution File, Format Version 12.00
# Visual Studio Version 17
VisualStudioVersion = 17.8.34330.188
MinimumVisualStudioVersion = 10.0.40219.1
Project("{FAE04EC0-301F-11D3-BF4B-00C04F79EFBC}") = "Order.API", "Order.API\Order.API.csproj", "{482ADE70-B88B-435B-A6F0-3CC4FA8ABB0F}"
EndProject
Project("{FAE04EC0-301F-11D3-BF4B-00C04F79EFBC}") = "Payment.API", "Payment.API\Payment.API.csproj", "{F60AFE05-CBE6-41E8-B395-367C3F77B831}"
EndProject
Project("{FAE04EC0-301F-11D3-BF4B-00C04F79EFBC}") = "Stock.API", "Stock.API\Stock.API.csproj", "{3C6874B6-A76E-47B3-8B46-A45B41090371}"
EndProject
Project("{FAE04EC0-301F-11D3-BF4B-00C04F79EFBC}") = "Shared", "Shared\Shared.csproj", "{F1CEF1A3-B9A0-4A1B-9073-CA392BBD892A}"
EndProject
Global
	GlobalSection(SolutionConfigurationPlatforms) = preSolution
		Debug|Any CPU = Debug|Any CPU
		Release|Any CPU = Release|Any CPU
	EndGlobalSection
	GlobalSection(ProjectConfigurationPlatforms) = postSolution
		{482ADE70-B88B-435B-A6F0-3CC4FA8ABB0F}.Debug|Any CPU.ActiveCfg = Debug|Any CPU
		{482ADE70-B88B-435B-A6F0-3CC4FA8ABB0F}.Debug|Any CPU.Build.0 = Debug|Any CPU
		{482ADE70-B88B-435B-A6F0-3CC4FA8ABB0F}.Release|Any CPU.ActiveCfg = Release|Any CPU
		{482ADE70-B88B-435B-A6F0-3CC4FA8ABB0F}.Release|Any CPU.Build.0 = Release|Any CPU
		{F60AFE05-CBE6-41E8-B395-367C3F77B831}.Debug|Any CPU.ActiveCfg = Debug|Any CPU
		{F60AFE05-CBE6-41E8-B395-367C3F77B831}.Debug|Any CPU.Build.0 = Debug|Any CPU
		{F60AFE05-CBE6-41E8-B395-367C3F77B831}.Release|Any CPU.ActiveCfg = Release|Any CPU
		{F60AFE05-CBE6-41E8-B395-367C3F77B831}.Release|Any CPU.Build.0 = Release|Any CPU
		{3C6874B6-A76E-47B3-8B46-A45B41090371}.Debug|Any CPU.ActiveCfg = Debug|Any CPU
		{3C6874B6-A76E-47B3-8B46-A45B41090371}.Debug|Any CPU.Build.0 = Debug|Any CPU
		{3C6874B6-A76E-47B3-8B46-A45B41090371}.Release|Any CPU.ActiveCfg = Release|Any CPU
		{3C6874B6-A76E-47B3-8B46-A45B41090371}.Release|Any CPU.Build.0 = Release|Any CPU
		{F1CEF1A3-B9A0-4A1B-9073-CA392BBD892A}.Debug|Any CPU.ActiveCfg = Debug|Any CPU
		{F1CEF1A3-B9A0-4A1B-9073-CA392BBD892A}.Debug|Any CPU.Build.0 = Debug|Any CPU
		{F1CEF1A3-B9A0-4A1B-9073-CA392BBD892A}.Release|Any CPU.ActiveCfg = Release|Any CPU
		{F1CEF1A3-B9A0-4A1B-9073-CA392BBD892A}.Release|Any CPU.Build.0 = Release|Any CPU
	EndGlobalSection
	GlobalSection(SolutionProperties) = preSolution
		HideSolutionNode = FALSE
	EndGlobalSection
	GlobalSection(ExtensibilityGlobals) = postSolution
		SolutionGuid = {E96A9805-11F5-47A8-BD14-690C465012CB}
	EndGlobalSection
EndGlobal
